
Microsoft Visual Studio Solution File, Format Version 12.00
# Visual Studio Version 17
VisualStudioVersion = 17.5.002.0
MinimumVisualStudioVersion = 10.0.40219.1
Project("{9A19103F-16F7-4668-BE54-9A1E7A4F7556}") = "task-hub-backend", "task-hub-backend.csproj", "{70FA7479-3822-44EC-88A1-BC79282432EA}"
EndProject
Global
	GlobalSection(SolutionConfigurationPlatforms) = preSolution
		Debug|Any CPU = Debug|Any CPU
		Release|Any CPU = Release|Any CPU
	EndGlobalSection
	GlobalSection(ProjectConfigurationPlatforms) = postSolution
		{70FA7479-3822-44EC-88A1-BC79282432EA}.Debug|Any CPU.ActiveCfg = Debug|Any CPU
		{70FA7479-3822-44EC-88A1-BC79282432EA}.Debug|Any CPU.Build.0 = Debug|Any CPU
		{70FA7479-3822-44EC-88A1-BC79282432EA}.Release|Any CPU.ActiveCfg = Release|Any CPU
		{70FA7479-3822-44EC-88A1-BC79282432EA}.Release|Any CPU.Build.0 = Release|Any CPU
	EndGlobalSection
	GlobalSection(SolutionProperties) = preSolution
		HideSolutionNode = FALSE
	EndGlobalSection
	GlobalSection(ExtensibilityGlobals) = postSolution
		SolutionGuid = {AC91D073-B0A7-47B9-95F6-0BE9D744D883}
	EndGlobalSection
EndGlobal
